<?xml version="1.0" encoding="utf-8"?>
<Project ToolsVersion="4.0" xmlns="http://schemas.microsoft.com/developer/msbuild/2003">
  <ItemGroup>
    <Filter Include="system">
      <UniqueIdentifier>{22dd8095-74f9-46df-81a1-36675a040b1f}</UniqueIdentifier>
    </Filter>
    <Filter Include="MyCode">
      <UniqueIdentifier>{53e3b472-7407-4ed8-9ca9-2d61e738deff}</UniqueIdentifier>
    </Filter>
    <Filter Include="MyCode\Player">
      <UniqueIdentifier>{eea88339-ade3-44a9-b38f-ca4ec5dc9fba}</UniqueIdentifier>
    </Filter>
    <Filter Include="MyCode\BackGround">
      <UniqueIdentifier>{8034993b-ab3e-4df3-b6d2-74bf46133717}</UniqueIdentifier>
    </Filter>
    <Filter Include="MyCode\Object">
      <UniqueIdentifier>{70c689a7-ee8b-4eb3-84ab-5d98ca9ee052}</UniqueIdentifier>
    </Filter>
    <Filter Include="MyCode\Enemy">
      <UniqueIdentifier>{2cd1eef1-143e-448f-b13b-89b08a987eca}</UniqueIdentifier>
    </Filter>
    <Filter Include="MyCode\MainGame">
      <UniqueIdentifier>{9eafb892-e640-40da-9425-9c043d112508}</UniqueIdentifier>
    </Filter>
  </ItemGroup>
  <ItemGroup>
    <ClCompile Include="stdafx.cpp" />
    <ClCompile Include="system\system.cpp">
      <Filter>system</Filter>
    </ClCompile>
    <ClCompile Include="Player.cpp">
      <Filter>MyCode\Player</Filter>
    </ClCompile>
    <ClCompile Include="BackGround.cpp">
      <Filter>MyCode\BackGround</Filter>
    </ClCompile>
    <ClCompile Include="ObjectBase.cpp">
      <Filter>MyCode\Object</Filter>
    </ClCompile>
    <ClCompile Include="Teapot.cpp">
      <Filter>MyCode\Object</Filter>
    </ClCompile>
    <ClCompile Include="Reticle.cpp">
      <Filter>MyCode\Player</Filter>
    </ClCompile>
    <ClCompile Include="EnemyBase.cpp">
      <Filter>MyCode\Enemy</Filter>
    </ClCompile>
    <ClCompile Include="HumanEnemy.cpp">
      <Filter>MyCode\Enemy</Filter>
    </ClCompile>
    <ClCompile Include="PlayerIdleState.cpp">
      <Filter>MyCode\Player</Filter>
    </ClCompile>
    <ClCompile Include="Game.cpp">
      <Filter>MyCode\MainGame</Filter>
    </ClCompile>
    <ClCompile Include="GameCamera.cpp">
      <Filter>MyCode\MainGame</Filter>
    </ClCompile>
    <ClCompile Include="Lighting.cpp">
      <Filter>MyCode\MainGame</Filter>
    </ClCompile>
    <ClCompile Include="main.cpp">
      <Filter>MyCode\MainGame</Filter>
    </ClCompile>
    <ClCompile Include="PlayerWalkState.cpp">
      <Filter>MyCode\Player</Filter>
    </ClCompile>
    <ClCompile Include="PlayerAttackState.cpp">
      <Filter>MyCode\Player</Filter>
    </ClCompile>
    <ClCompile Include="PlayerAttractState.cpp">
      <Filter>MyCode\Player</Filter>
    </ClCompile>
    <ClCompile Include="PlayerStandbyState.cpp">
      <Filter>MyCode\Player</Filter>
    </ClCompile>
    <ClCompile Include="PlayerJumpState.cpp">
      <Filter>MyCode\Player</Filter>
    </ClCompile>
    <ClCompile Include="PlayerWalkJumpState.cpp">
      <Filter>MyCode\Player</Filter>
    </ClCompile>
    <ClCompile Include="HumanEnemyIdleState.cpp">
      <Filter>MyCode\Enemy</Filter>
    </ClCompile>
    <ClCompile Include="HumanEnemyDeadState.cpp">
      <Filter>MyCode\Enemy</Filter>
    </ClCompile>
    <ClCompile Include="HumanEnemyCrawlState.cpp">
      <Filter>MyCode\Enemy</Filter>
    </ClCompile>
    <ClCompile Include="HumanEnemyTrembleState.cpp">
      <Filter>MyCode\Enemy</Filter>
    </ClCompile>
    <ClCompile Include="HumanEnemyDieState.cpp">
      <Filter>MyCode\Enemy</Filter>
    </ClCompile>
    <ClCompile Include="HumanEnemyWalkState.cpp">
      <Filter>MyCode\Enemy</Filter>
    </ClCompile>
    <ClCompile Include="PlayerDeadState.cpp">
      <Filter>MyCode\Player</Filter>
    </ClCompile>
    <ClCompile Include="PlayerReactionState.cpp">
      <Filter>MyCode\Player</Filter>
    </ClCompile>
  </ItemGroup>
  <ItemGroup>
    <ClInclude Include="stdafx.h" />
    <ClInclude Include="system\system.h">
      <Filter>system</Filter>
    </ClInclude>
    <ClInclude Include="Player.h">
      <Filter>MyCode\Player</Filter>
    </ClInclude>
    <ClInclude Include="BackGround.h">
      <Filter>MyCode\BackGround</Filter>
    </ClInclude>
    <ClInclude Include="ObjectBase.h">
      <Filter>MyCode\Object</Filter>
    </ClInclude>
    <ClInclude Include="Teapot.h">
      <Filter>MyCode\Object</Filter>
    </ClInclude>
    <ClInclude Include="Reticle.h">
      <Filter>MyCode\Player</Filter>
    </ClInclude>
    <ClInclude Include="EnemyBase.h">
      <Filter>MyCode\Enemy</Filter>
    </ClInclude>
    <ClInclude Include="HumanEnemy.h">
      <Filter>MyCode\Enemy</Filter>
    </ClInclude>
    <ClInclude Include="IPlayerState.h">
      <Filter>MyCode\Player</Filter>
    </ClInclude>
    <ClInclude Include="PlayerIdleState.h">
      <Filter>MyCode\Player</Filter>
    </ClInclude>
    <ClInclude Include="Game.h">
      <Filter>MyCode\MainGame</Filter>
    </ClInclude>
    <ClInclude Include="GameCamera.h">
      <Filter>MyCode\MainGame</Filter>
    </ClInclude>
    <ClInclude Include="Lighting.h">
      <Filter>MyCode\MainGame</Filter>
    </ClInclude>
    <ClInclude Include="PlayerWalkState.h">
      <Filter>MyCode\Player</Filter>
    </ClInclude>
    <ClInclude Include="PlayerAttackState.h">
      <Filter>MyCode\Player</Filter>
    </ClInclude>
    <ClInclude Include="PlayerAttractState.h">
      <Filter>MyCode\Player</Filter>
    </ClInclude>
    <ClInclude Include="PlayerStandbyState.h">
      <Filter>MyCode\Player</Filter>
    </ClInclude>
    <ClInclude Include="PlayerJumpState.h">
      <Filter>MyCode\Player</Filter>
    </ClInclude>
    <ClInclude Include="PlayerWalkJumpState.h">
      <Filter>MyCode\Player</Filter>
    </ClInclude>
    <ClInclude Include="IHumanEnemyState.h">
      <Filter>MyCode\Enemy</Filter>
    </ClInclude>
    <ClInclude Include="HumanEnemyIdleState.h">
      <Filter>MyCode\Enemy</Filter>
    </ClInclude>
    <ClInclude Include="HumanEnemyDeadState.h">
      <Filter>MyCode\Enemy</Filter>
    </ClInclude>
    <ClInclude Include="HumanEnemyCrawlState.h">
      <Filter>MyCode\Enemy</Filter>
    </ClInclude>
    <ClInclude Include="HumanEnemyTrembleState.h">
      <Filter>MyCode\Enemy</Filter>
    </ClInclude>
    <ClInclude Include="HumanEnemyDieState.h">
      <Filter>MyCode\Enemy</Filter>
    </ClInclude>
    <ClInclude Include="HumanEnemyWalkState.h">
      <Filter>MyCode\Enemy</Filter>
    </ClInclude>
    <ClInclude Include="PlayerDeadState.h">
      <Filter>MyCode\Player</Filter>
    </ClInclude>
    <ClInclude Include="PlayerReactionState.h">
      <Filter>MyCode\Player</Filter>
    </ClInclude>
  </ItemGroup>
</Project>